// !$*UTF8*$!
{
	archiveVersion = 1;
	classes = {
	};
	objectVersion = 51;
	objects = {

/* Begin PBXBuildFile section */
		B11AAF83F1307EF82449F4C8 /* Pods_CollectionViewRxDataSource.framework in Frameworks */ = {isa = PBXBuildFile; fileRef = E6B03D91AC39DBD35FB06ACC /* Pods_CollectionViewRxDataSource.framework */; };
		B31D9518261D9C1100AAB8F9 /* MainViewModel.swift in Sources */ = {isa = PBXBuildFile; fileRef = B31D9517261D9C1100AAB8F9 /* MainViewModel.swift */; };
		B31D9528261D9F8200AAB8F9 /* ImageViewCell.swift in Sources */ = {isa = PBXBuildFile; fileRef = B31D9526261D9F8100AAB8F9 /* ImageViewCell.swift */; };
		B31D9529261D9F8200AAB8F9 /* ImageViewCell.xib in Resources */ = {isa = PBXBuildFile; fileRef = B31D9527261D9F8200AAB8F9 /* ImageViewCell.xib */; };
		B3490052261ED3CE00E75B07 /* ImageGridViewModel.swift in Sources */ = {isa = PBXBuildFile; fileRef = B3490051261ED3CE00E75B07 /* ImageGridViewModel.swift */; };
		B3490077261EDFF000E75B07 /* ComicsGridViewModel.swift in Sources */ = {isa = PBXBuildFile; fileRef = B3490076261EDFF000E75B07 /* ComicsGridViewModel.swift */; };
		B3490081261EE0DB00E75B07 /* GridViewModelProtocol.swift in Sources */ = {isa = PBXBuildFile; fileRef = B3490080261EE0DB00E75B07 /* GridViewModelProtocol.swift */; };
		B3490085261EE69C00E75B07 /* ComicsViewCell.swift in Sources */ = {isa = PBXBuildFile; fileRef = B3490083261EE69C00E75B07 /* ComicsViewCell.swift */; };
		B3490086261EE69C00E75B07 /* ComicsViewCell.xib in Resources */ = {isa = PBXBuildFile; fileRef = B3490084261EE69C00E75B07 /* ComicsViewCell.xib */; };
		B349008C261EE9D000E75B07 /* MainDataSource.swift in Sources */ = {isa = PBXBuildFile; fileRef = B349008B261EE9D000E75B07 /* MainDataSource.swift */; };
		B3490092261EEA2600E75B07 /* TableViewSection.swift in Sources */ = {isa = PBXBuildFile; fileRef = B3490091261EEA2600E75B07 /* TableViewSection.swift */; };
		B349009A261EEA6400E75B07 /* TableViewItem.swift in Sources */ = {isa = PBXBuildFile; fileRef = B3490099261EEA6400E75B07 /* TableViewItem.swift */; };
		B349009E261EEACE00E75B07 /* IdentifiableTypeProtocol.swift in Sources */ = {isa = PBXBuildFile; fileRef = B349009D261EEACE00E75B07 /* IdentifiableTypeProtocol.swift */; };
		B34900A9261F0EC700E75B07 /* CreatorViewCell.swift in Sources */ = {isa = PBXBuildFile; fileRef = B34900A7261F0EC700E75B07 /* CreatorViewCell.swift */; };
		B34900AA261F0EC700E75B07 /* CreatorViewCell.xib in Resources */ = {isa = PBXBuildFile; fileRef = B34900A8261F0EC700E75B07 /* CreatorViewCell.xib */; };
		B34D5EC1261D987800D6F3B9 /* AppDelegate.swift in Sources */ = {isa = PBXBuildFile; fileRef = B34D5EC0261D987800D6F3B9 /* AppDelegate.swift */; };
		B34D5EC3261D987800D6F3B9 /* SceneDelegate.swift in Sources */ = {isa = PBXBuildFile; fileRef = B34D5EC2261D987800D6F3B9 /* SceneDelegate.swift */; };
		B34D5EC5261D987800D6F3B9 /* ViewController.swift in Sources */ = {isa = PBXBuildFile; fileRef = B34D5EC4261D987800D6F3B9 /* ViewController.swift */; };
		B34D5EC8261D987800D6F3B9 /* Main.storyboard in Resources */ = {isa = PBXBuildFile; fileRef = B34D5EC6261D987800D6F3B9 /* Main.storyboard */; };
		B34D5ECA261D987A00D6F3B9 /* Assets.xcassets in Resources */ = {isa = PBXBuildFile; fileRef = B34D5EC9261D987A00D6F3B9 /* Assets.xcassets */; };
		B34D5ECD261D987A00D6F3B9 /* LaunchScreen.storyboard in Resources */ = {isa = PBXBuildFile; fileRef = B34D5ECB261D987A00D6F3B9 /* LaunchScreen.storyboard */; };
		B34D5ED7261D990800D6F3B9 /* GridViewCell.swift in Sources */ = {isa = PBXBuildFile; fileRef = B34D5ED5261D990800D6F3B9 /* GridViewCell.swift */; };
		B34D5ED8261D990800D6F3B9 /* GridViewCell.xib in Resources */ = {isa = PBXBuildFile; fileRef = B34D5ED6261D990800D6F3B9 /* GridViewCell.xib */; };
		B34DE794261DD7E300D8176E /* keys.plist in Resources */ = {isa = PBXBuildFile; fileRef = B34DE793261DD7E200D8176E /* keys.plist */; };
		B34DE797261DD81100D8176E /* StringExtension.swift in Sources */ = {isa = PBXBuildFile; fileRef = B34DE796261DD81100D8176E /* StringExtension.swift */; };
		B34DE79A261DD8D800D8176E /* MarvelCharacters.swift in Sources */ = {isa = PBXBuildFile; fileRef = B34DE799261DD8D800D8176E /* MarvelCharacters.swift */; };
		B34DE7A0261DDA1100D8176E /* MarvelComics.swift in Sources */ = {isa = PBXBuildFile; fileRef = B34DE79F261DDA1100D8176E /* MarvelComics.swift */; };
		B34DE7A3261DE77A00D8176E /* MarvelModelProtocol.swift in Sources */ = {isa = PBXBuildFile; fileRef = B34DE7A2261DE77A00D8176E /* MarvelModelProtocol.swift */; };
		B34DE7A6261DE78C00D8176E /* MarvelCreators.swift in Sources */ = {isa = PBXBuildFile; fileRef = B34DE7A5261DE78C00D8176E /* MarvelCreators.swift */; };
		B34DE7B4261E08FF00D8176E /* MarvelAPIProviderProtocol.swift in Sources */ = {isa = PBXBuildFile; fileRef = B34DE7B3261E08FF00D8176E /* MarvelAPIProviderProtocol.swift */; };
		B35A46B326256B4C006E659A /* MarvelService.swift in Sources */ = {isa = PBXBuildFile; fileRef = B35A46B226256B4C006E659A /* MarvelService.swift */; };
		B35A46B826256E10006E659A /* MarvelAPIKey.swift in Sources */ = {isa = PBXBuildFile; fileRef = B35A46B726256E10006E659A /* MarvelAPIKey.swift */; };
		B37D77A226203D6A0005DD38 /* FooterGridView.swift in Sources */ = {isa = PBXBuildFile; fileRef = B37D77A026203D6A0005DD38 /* FooterGridView.swift */; };
		B37D77A326203D6A0005DD38 /* FooterGridView.xib in Resources */ = {isa = PBXBuildFile; fileRef = B37D77A126203D6A0005DD38 /* FooterGridView.xib */; };
		B37D782C262084580005DD38 /* MarvelAPI.swift in Sources */ = {isa = PBXBuildFile; fileRef = B37D782B262084580005DD38 /* MarvelAPI.swift */; };
/* End PBXBuildFile section */

/* Begin PBXFileReference section */
		053FC7A8D9179BBAA4ED0203 /* Pods-CollectionViewRxDataSource.debug.xcconfig */ = {isa = PBXFileReference; includeInIndex = 1; lastKnownFileType = text.xcconfig; name = "Pods-CollectionViewRxDataSource.debug.xcconfig"; path = "Target Support Files/Pods-CollectionViewRxDataSource/Pods-CollectionViewRxDataSource.debug.xcconfig"; sourceTree = "<group>"; };
		67A306D6FDF0713DC5E56F64 /* Pods-CollectionViewRxDataSource.release.xcconfig */ = {isa = PBXFileReference; includeInIndex = 1; lastKnownFileType = text.xcconfig; name = "Pods-CollectionViewRxDataSource.release.xcconfig"; path = "Target Support Files/Pods-CollectionViewRxDataSource/Pods-CollectionViewRxDataSource.release.xcconfig"; sourceTree = "<group>"; };
		B31D9517261D9C1100AAB8F9 /* MainViewModel.swift */ = {isa = PBXFileReference; lastKnownFileType = sourcecode.swift; path = MainViewModel.swift; sourceTree = "<group>"; };
		B31D9526261D9F8100AAB8F9 /* ImageViewCell.swift */ = {isa = PBXFileReference; lastKnownFileType = sourcecode.swift; path = ImageViewCell.swift; sourceTree = "<group>"; };
		B31D9527261D9F8200AAB8F9 /* ImageViewCell.xib */ = {isa = PBXFileReference; lastKnownFileType = file.xib; path = ImageViewCell.xib; sourceTree = "<group>"; };
		B3490051261ED3CE00E75B07 /* ImageGridViewModel.swift */ = {isa = PBXFileReference; lastKnownFileType = sourcecode.swift; path = ImageGridViewModel.swift; sourceTree = "<group>"; };
		B3490076261EDFF000E75B07 /* ComicsGridViewModel.swift */ = {isa = PBXFileReference; lastKnownFileType = sourcecode.swift; path = ComicsGridViewModel.swift; sourceTree = "<group>"; };
		B3490080261EE0DB00E75B07 /* GridViewModelProtocol.swift */ = {isa = PBXFileReference; lastKnownFileType = sourcecode.swift; path = GridViewModelProtocol.swift; sourceTree = "<group>"; };
		B3490083261EE69C00E75B07 /* ComicsViewCell.swift */ = {isa = PBXFileReference; lastKnownFileType = sourcecode.swift; path = ComicsViewCell.swift; sourceTree = "<group>"; };
		B3490084261EE69C00E75B07 /* ComicsViewCell.xib */ = {isa = PBXFileReference; lastKnownFileType = file.xib; path = ComicsViewCell.xib; sourceTree = "<group>"; };
		B349008B261EE9D000E75B07 /* MainDataSource.swift */ = {isa = PBXFileReference; lastKnownFileType = sourcecode.swift; path = MainDataSource.swift; sourceTree = "<group>"; };
		B3490091261EEA2600E75B07 /* TableViewSection.swift */ = {isa = PBXFileReference; lastKnownFileType = sourcecode.swift; path = TableViewSection.swift; sourceTree = "<group>"; };
		B3490099261EEA6400E75B07 /* TableViewItem.swift */ = {isa = PBXFileReference; lastKnownFileType = sourcecode.swift; path = TableViewItem.swift; sourceTree = "<group>"; };
		B349009D261EEACE00E75B07 /* IdentifiableTypeProtocol.swift */ = {isa = PBXFileReference; lastKnownFileType = sourcecode.swift; path = IdentifiableTypeProtocol.swift; sourceTree = "<group>"; };
		B34900A7261F0EC700E75B07 /* CreatorViewCell.swift */ = {isa = PBXFileReference; lastKnownFileType = sourcecode.swift; path = CreatorViewCell.swift; sourceTree = "<group>"; };
		B34900A8261F0EC700E75B07 /* CreatorViewCell.xib */ = {isa = PBXFileReference; lastKnownFileType = file.xib; path = CreatorViewCell.xib; sourceTree = "<group>"; };
		B34D5EBD261D987800D6F3B9 /* CollectionViewRxDataSource.app */ = {isa = PBXFileReference; explicitFileType = wrapper.application; includeInIndex = 0; path = CollectionViewRxDataSource.app; sourceTree = BUILT_PRODUCTS_DIR; };
		B34D5EC0261D987800D6F3B9 /* AppDelegate.swift */ = {isa = PBXFileReference; lastKnownFileType = sourcecode.swift; path = AppDelegate.swift; sourceTree = "<group>"; };
		B34D5EC2261D987800D6F3B9 /* SceneDelegate.swift */ = {isa = PBXFileReference; lastKnownFileType = sourcecode.swift; path = SceneDelegate.swift; sourceTree = "<group>"; };
		B34D5EC4261D987800D6F3B9 /* ViewController.swift */ = {isa = PBXFileReference; lastKnownFileType = sourcecode.swift; path = ViewController.swift; sourceTree = "<group>"; };
		B34D5EC7261D987800D6F3B9 /* Base */ = {isa = PBXFileReference; lastKnownFileType = file.storyboard; name = Base; path = Base.lproj/Main.storyboard; sourceTree = "<group>"; };
		B34D5EC9261D987A00D6F3B9 /* Assets.xcassets */ = {isa = PBXFileReference; lastKnownFileType = folder.assetcatalog; path = Assets.xcassets; sourceTree = "<group>"; };
		B34D5ECC261D987A00D6F3B9 /* Base */ = {isa = PBXFileReference; lastKnownFileType = file.storyboard; name = Base; path = Base.lproj/LaunchScreen.storyboard; sourceTree = "<group>"; };
		B34D5ECE261D987A00D6F3B9 /* Info.plist */ = {isa = PBXFileReference; lastKnownFileType = text.plist.xml; path = Info.plist; sourceTree = "<group>"; };
		B34D5ED5261D990800D6F3B9 /* GridViewCell.swift */ = {isa = PBXFileReference; lastKnownFileType = sourcecode.swift; path = GridViewCell.swift; sourceTree = "<group>"; };
		B34D5ED6261D990800D6F3B9 /* GridViewCell.xib */ = {isa = PBXFileReference; lastKnownFileType = file.xib; path = GridViewCell.xib; sourceTree = "<group>"; };
		B34DE793261DD7E200D8176E /* keys.plist */ = {isa = PBXFileReference; fileEncoding = 4; lastKnownFileType = text.plist.xml; path = keys.plist; sourceTree = "<group>"; };
		B34DE796261DD81100D8176E /* StringExtension.swift */ = {isa = PBXFileReference; lastKnownFileType = sourcecode.swift; path = StringExtension.swift; sourceTree = "<group>"; };
		B34DE799261DD8D800D8176E /* MarvelCharacters.swift */ = {isa = PBXFileReference; lastKnownFileType = sourcecode.swift; path = MarvelCharacters.swift; sourceTree = "<group>"; };
		B34DE79F261DDA1100D8176E /* MarvelComics.swift */ = {isa = PBXFileReference; lastKnownFileType = sourcecode.swift; path = MarvelComics.swift; sourceTree = "<group>"; };
		B34DE7A2261DE77A00D8176E /* MarvelModelProtocol.swift */ = {isa = PBXFileReference; lastKnownFileType = sourcecode.swift; path = MarvelModelProtocol.swift; sourceTree = "<group>"; };
		B34DE7A5261DE78C00D8176E /* MarvelCreators.swift */ = {isa = PBXFileReference; lastKnownFileType = sourcecode.swift; path = MarvelCreators.swift; sourceTree = "<group>"; };
		B34DE7B3261E08FF00D8176E /* MarvelAPIProviderProtocol.swift */ = {isa = PBXFileReference; lastKnownFileType = sourcecode.swift; path = MarvelAPIProviderProtocol.swift; sourceTree = "<group>"; };
		B35A46B226256B4C006E659A /* MarvelService.swift */ = {isa = PBXFileReference; lastKnownFileType = sourcecode.swift; path = MarvelService.swift; sourceTree = "<group>"; };
		B35A46B726256E10006E659A /* MarvelAPIKey.swift */ = {isa = PBXFileReference; lastKnownFileType = sourcecode.swift; path = MarvelAPIKey.swift; sourceTree = "<group>"; };
		B37D77A026203D6A0005DD38 /* FooterGridView.swift */ = {isa = PBXFileReference; lastKnownFileType = sourcecode.swift; path = FooterGridView.swift; sourceTree = "<group>"; };
		B37D77A126203D6A0005DD38 /* FooterGridView.xib */ = {isa = PBXFileReference; lastKnownFileType = file.xib; path = FooterGridView.xib; sourceTree = "<group>"; };
		B37D782B262084580005DD38 /* MarvelAPI.swift */ = {isa = PBXFileReference; lastKnownFileType = sourcecode.swift; path = MarvelAPI.swift; sourceTree = "<group>"; };
		E6B03D91AC39DBD35FB06ACC /* Pods_CollectionViewRxDataSource.framework */ = {isa = PBXFileReference; explicitFileType = wrapper.framework; includeInIndex = 0; path = Pods_CollectionViewRxDataSource.framework; sourceTree = BUILT_PRODUCTS_DIR; };
/* End PBXFileReference section */

/* Begin PBXFrameworksBuildPhase section */
		B34D5EBA261D987800D6F3B9 /* Frameworks */ = {
			isa = PBXFrameworksBuildPhase;
			buildActionMask = 2147483647;
			files = (
				B11AAF83F1307EF82449F4C8 /* Pods_CollectionViewRxDataSource.framework in Frameworks */,
			);
			runOnlyForDeploymentPostprocessing = 0;
		};
/* End PBXFrameworksBuildPhase section */

/* Begin PBXGroup section */
		298673264A99CD50EE90EFFC /* Pods */ = {
			isa = PBXGroup;
			children = (
				053FC7A8D9179BBAA4ED0203 /* Pods-CollectionViewRxDataSource.debug.xcconfig */,
				67A306D6FDF0713DC5E56F64 /* Pods-CollectionViewRxDataSource.release.xcconfig */,
			);
			path = Pods;
			sourceTree = "<group>";
		};
		B31D9515261D9C0300AAB8F9 /* Views */ = {
			isa = PBXGroup;
			children = (
				B34900AC261F0ECB00E75B07 /* CreatorViewCell */,
				B37D77AA262069A10005DD38 /* MainViewController */,
			);
			path = Views;
			sourceTree = "<group>";
		};
		B31D951A261D9C1500AAB8F9 /* ViewModels */ = {
			isa = PBXGroup;
			children = (
				B31D9517261D9C1100AAB8F9 /* MainViewModel.swift */,
			);
			path = ViewModels;
			sourceTree = "<group>";
		};
		B31D952B261D9F8600AAB8F9 /* ImageViewCell */ = {
			isa = PBXGroup;
			children = (
				B31D9526261D9F8100AAB8F9 /* ImageViewCell.swift */,
				B31D9527261D9F8200AAB8F9 /* ImageViewCell.xib */,
			);
			path = ImageViewCell;
			sourceTree = "<group>";
		};
		B3490056261ED54C00E75B07 /* ImageGridViewModel */ = {
			isa = PBXGroup;
			children = (
				B3490051261ED3CE00E75B07 /* ImageGridViewModel.swift */,
			);
			path = ImageGridViewModel;
			sourceTree = "<group>";
		};
		B3490058261ED7F700E75B07 /* GridView */ = {
			isa = PBXGroup;
			children = (
				B3490080261EE0DB00E75B07 /* GridViewModelProtocol.swift */,
				B37D77A726204BC90005DD38 /* GridViewCell */,
			);
			path = GridView;
			sourceTree = "<group>";
		};
		B349005A261ED86900E75B07 /* ImageGridView */ = {
			isa = PBXGroup;
			children = (
				B3490056261ED54C00E75B07 /* ImageGridViewModel */,
				B31D952B261D9F8600AAB8F9 /* ImageViewCell */,
			);
			path = ImageGridView;
			sourceTree = "<group>";
		};
		B349007A261EDFF400E75B07 /* ComicsGridViewModel */ = {
			isa = PBXGroup;
			children = (
				B3490076261EDFF000E75B07 /* ComicsGridViewModel.swift */,
			);
			path = ComicsGridViewModel;
			sourceTree = "<group>";
		};
		B349007F261EE0B500E75B07 /* ComicsGridView */ = {
			isa = PBXGroup;
			children = (
				B349007A261EDFF400E75B07 /* ComicsGridViewModel */,
				B3490088261EE6A500E75B07 /* ComicsVIewCell */,
			);
			path = ComicsGridView;
			sourceTree = "<group>";
		};
		B3490088261EE6A500E75B07 /* ComicsVIewCell */ = {
			isa = PBXGroup;
			children = (
				B3490083261EE69C00E75B07 /* ComicsViewCell.swift */,
				B3490084261EE69C00E75B07 /* ComicsViewCell.xib */,
			);
			path = ComicsVIewCell;
			sourceTree = "<group>";
		};
		B3490094261EEA4A00E75B07 /* TableViewModels */ = {
			isa = PBXGroup;
			children = (
				B3490091261EEA2600E75B07 /* TableViewSection.swift */,
				B3490099261EEA6400E75B07 /* TableViewItem.swift */,
				B349008B261EE9D000E75B07 /* MainDataSource.swift */,
				B349009D261EEACE00E75B07 /* IdentifiableTypeProtocol.swift */,
			);
			path = TableViewModels;
			sourceTree = "<group>";
		};
		B3490096261EEA5500E75B07 /* Models */ = {
			isa = PBXGroup;
			children = (
				B3490094261EEA4A00E75B07 /* TableViewModels */,
				B34DE79D261DD9F200D8176E /* MarvelModels */,
			);
			path = Models;
			sourceTree = "<group>";
		};
		B34900AC261F0ECB00E75B07 /* CreatorViewCell */ = {
			isa = PBXGroup;
			children = (
				B34900A7261F0EC700E75B07 /* CreatorViewCell.swift */,
				B34900A8261F0EC700E75B07 /* CreatorViewCell.xib */,
			);
			path = CreatorViewCell;
			sourceTree = "<group>";
		};
		B34D5EB4261D987700D6F3B9 = {
			isa = PBXGroup;
			children = (
				B34D5EBF261D987800D6F3B9 /* CollectionViewRxDataSource */,
				B34D5EBE261D987800D6F3B9 /* Products */,
				298673264A99CD50EE90EFFC /* Pods */,
				CF45DEF8E6E31D8B9B35AC31 /* Frameworks */,
			);
			sourceTree = "<group>";
		};
		B34D5EBE261D987800D6F3B9 /* Products */ = {
			isa = PBXGroup;
			children = (
				B34D5EBD261D987800D6F3B9 /* CollectionViewRxDataSource.app */,
			);
			name = Products;
			sourceTree = "<group>";
		};
		B34D5EBF261D987800D6F3B9 /* CollectionViewRxDataSource */ = {
			isa = PBXGroup;
			children = (
				B34D5EC0261D987800D6F3B9 /* AppDelegate.swift */,
				B34D5EC2261D987800D6F3B9 /* SceneDelegate.swift */,
				B37D77AD262069C20005DD38 /* MainScreen */,
				B34D5EDA261D990E00D6F3B9 /* GridCollectionTableViewCell */,
				B34DE7AA261DE86700D8176E /* APIProviders */,
				B34DE7A9261DE86000D8176E /* Extensions */,
				B34D5EC9261D987A00D6F3B9 /* Assets.xcassets */,
				B34D5EC6261D987800D6F3B9 /* Main.storyboard */,
				B34D5ECB261D987A00D6F3B9 /* LaunchScreen.storyboard */,
				B34D5ECE261D987A00D6F3B9 /* Info.plist */,
				B34DE793261DD7E200D8176E /* keys.plist */,
			);
			path = CollectionViewRxDataSource;
			sourceTree = "<group>";
		};
		B34D5EDA261D990E00D6F3B9 /* GridCollectionTableViewCell */ = {
			isa = PBXGroup;
			children = (
				B3490058261ED7F700E75B07 /* GridView */,
				B349007F261EE0B500E75B07 /* ComicsGridView */,
				B349005A261ED86900E75B07 /* ImageGridView */,
			);
			path = GridCollectionTableViewCell;
			sourceTree = "<group>";
		};
		B34DE79D261DD9F200D8176E /* MarvelModels */ = {
			isa = PBXGroup;
			children = (
				B34DE799261DD8D800D8176E /* MarvelCharacters.swift */,
				B34DE79F261DDA1100D8176E /* MarvelComics.swift */,
				B34DE7A5261DE78C00D8176E /* MarvelCreators.swift */,
				B34DE7A2261DE77A00D8176E /* MarvelModelProtocol.swift */,
				B35A46B726256E10006E659A /* MarvelAPIKey.swift */,
			);
			path = MarvelModels;
			sourceTree = "<group>";
		};
		B34DE7A9261DE86000D8176E /* Extensions */ = {
			isa = PBXGroup;
			children = (
				B34DE796261DD81100D8176E /* StringExtension.swift */,
			);
			path = Extensions;
			sourceTree = "<group>";
		};
		B34DE7AA261DE86700D8176E /* APIProviders */ = {
			isa = PBXGroup;
			children = (
				B34DE7B3261E08FF00D8176E /* MarvelAPIProviderProtocol.swift */,
				B35A46B126256B24006E659A /* MarvelAPI */,
			);
			path = APIProviders;
			sourceTree = "<group>";
		};
		B35A46B126256B24006E659A /* MarvelAPI */ = {
			isa = PBXGroup;
			children = (
				B37D782B262084580005DD38 /* MarvelAPI.swift */,
				B35A46B226256B4C006E659A /* MarvelService.swift */,
			);
			path = MarvelAPI;
			sourceTree = "<group>";
		};
		B37D77A526203D7C0005DD38 /* FooterGridView */ = {
			isa = PBXGroup;
			children = (
				B37D77A026203D6A0005DD38 /* FooterGridView.swift */,
				B37D77A126203D6A0005DD38 /* FooterGridView.xib */,
			);
			path = FooterGridView;
			sourceTree = "<group>";
		};
		B37D77A726204BC90005DD38 /* GridViewCell */ = {
			isa = PBXGroup;
			children = (
				B37D77A526203D7C0005DD38 /* FooterGridView */,
				B34D5ED5261D990800D6F3B9 /* GridViewCell.swift */,
				B34D5ED6261D990800D6F3B9 /* GridViewCell.xib */,
			);
			path = GridViewCell;
			sourceTree = "<group>";
		};
		B37D77AA262069A10005DD38 /* MainViewController */ = {
			isa = PBXGroup;
			children = (
				B34D5EC4261D987800D6F3B9 /* ViewController.swift */,
			);
			path = MainViewController;
			sourceTree = "<group>";
		};
		B37D77AD262069C20005DD38 /* MainScreen */ = {
			isa = PBXGroup;
			children = (
				B31D951A261D9C1500AAB8F9 /* ViewModels */,
				B31D9515261D9C0300AAB8F9 /* Views */,
				B3490096261EEA5500E75B07 /* Models */,
			);
			path = MainScreen;
			sourceTree = "<group>";
		};
		CF45DEF8E6E31D8B9B35AC31 /* Frameworks */ = {
			isa = PBXGroup;
			children = (
				E6B03D91AC39DBD35FB06ACC /* Pods_CollectionViewRxDataSource.framework */,
			);
			name = Frameworks;
			sourceTree = "<group>";
		};
/* End PBXGroup section */

/* Begin PBXNativeTarget section */
		B34D5EBC261D987800D6F3B9 /* CollectionViewRxDataSource */ = {
			isa = PBXNativeTarget;
			buildConfigurationList = B34D5ED1261D987A00D6F3B9 /* Build configuration list for PBXNativeTarget "CollectionViewRxDataSource" */;
			buildPhases = (
				0D8B6504482C8625F6CD98F3 /* [CP] Check Pods Manifest.lock */,
				B34D5EB9261D987800D6F3B9 /* Sources */,
				B34D5EBA261D987800D6F3B9 /* Frameworks */,
				B34D5EBB261D987800D6F3B9 /* Resources */,
				86AC52FC8892307D7CFE1D1C /* [CP] Embed Pods Frameworks */,
			);
			buildRules = (
			);
			dependencies = (
			);
			name = CollectionViewRxDataSource;
			productName = CollectionViewRxDataSource;
			productReference = B34D5EBD261D987800D6F3B9 /* CollectionViewRxDataSource.app */;
			productType = "com.apple.product-type.application";
		};
/* End PBXNativeTarget section */

/* Begin PBXProject section */
		B34D5EB5261D987700D6F3B9 /* Project object */ = {
			isa = PBXProject;
			attributes = {
				LastSwiftUpdateCheck = 1240;
				LastUpgradeCheck = 1240;
				TargetAttributes = {
					B34D5EBC261D987800D6F3B9 = {
						CreatedOnToolsVersion = 12.4;
					};
				};
			};
			buildConfigurationList = B34D5EB8261D987700D6F3B9 /* Build configuration list for PBXProject "CollectionViewRxDataSource" */;
			compatibilityVersion = "Xcode 9.3";
			developmentRegion = en;
			hasScannedForEncodings = 0;
			knownRegions = (
				en,
				Base,
			);
			mainGroup = B34D5EB4261D987700D6F3B9;
			productRefGroup = B34D5EBE261D987800D6F3B9 /* Products */;
			projectDirPath = "";
			projectRoot = "";
			targets = (
				B34D5EBC261D987800D6F3B9 /* CollectionViewRxDataSource */,
			);
		};
/* End PBXProject section */

/* Begin PBXResourcesBuildPhase section */
		B34D5EBB261D987800D6F3B9 /* Resources */ = {
			isa = PBXResourcesBuildPhase;
			buildActionMask = 2147483647;
			files = (
				B34D5ECD261D987A00D6F3B9 /* LaunchScreen.storyboard in Resources */,
				B34D5ED8261D990800D6F3B9 /* GridViewCell.xib in Resources */,
				B3490086261EE69C00E75B07 /* ComicsViewCell.xib in Resources */,
				B37D77A326203D6A0005DD38 /* FooterGridView.xib in Resources */,
				B34DE794261DD7E300D8176E /* keys.plist in Resources */,
				B31D9529261D9F8200AAB8F9 /* ImageViewCell.xib in Resources */,
				B34D5ECA261D987A00D6F3B9 /* Assets.xcassets in Resources */,
				B34D5EC8261D987800D6F3B9 /* Main.storyboard in Resources */,
				B34900AA261F0EC700E75B07 /* CreatorViewCell.xib in Resources */,
			);
			runOnlyForDeploymentPostprocessing = 0;
		};
/* End PBXResourcesBuildPhase section */

/* Begin PBXShellScriptBuildPhase section */
		0D8B6504482C8625F6CD98F3 /* [CP] Check Pods Manifest.lock */ = {
			isa = PBXShellScriptBuildPhase;
			buildActionMask = 2147483647;
			files = (
			);
			inputFileListPaths = (
			);
			inputPaths = (
				"${PODS_PODFILE_DIR_PATH}/Podfile.lock",
				"${PODS_ROOT}/Manifest.lock",
			);
			name = "[CP] Check Pods Manifest.lock";
			outputFileListPaths = (
			);
			outputPaths = (
				"$(DERIVED_FILE_DIR)/Pods-CollectionViewRxDataSource-checkManifestLockResult.txt",
			);
			runOnlyForDeploymentPostprocessing = 0;
			shellPath = /bin/sh;
			shellScript = "diff \"${PODS_PODFILE_DIR_PATH}/Podfile.lock\" \"${PODS_ROOT}/Manifest.lock\" > /dev/null\nif [ $? != 0 ] ; then\n    # print error to STDERR\n    echo \"error: The sandbox is not in sync with the Podfile.lock. Run 'pod install' or update your CocoaPods installation.\" >&2\n    exit 1\nfi\n# This output is used by Xcode 'outputs' to avoid re-running this script phase.\necho \"SUCCESS\" > \"${SCRIPT_OUTPUT_FILE_0}\"\n";
			showEnvVarsInLog = 0;
		};
		86AC52FC8892307D7CFE1D1C /* [CP] Embed Pods Frameworks */ = {
			isa = PBXShellScriptBuildPhase;
			buildActionMask = 2147483647;
			files = (
			);
			inputFileListPaths = (
				"${PODS_ROOT}/Target Support Files/Pods-CollectionViewRxDataSource/Pods-CollectionViewRxDataSource-frameworks-${CONFIGURATION}-input-files.xcfilelist",
			);
			name = "[CP] Embed Pods Frameworks";
			outputFileListPaths = (
				"${PODS_ROOT}/Target Support Files/Pods-CollectionViewRxDataSource/Pods-CollectionViewRxDataSource-frameworks-${CONFIGURATION}-output-files.xcfilelist",
			);
			runOnlyForDeploymentPostprocessing = 0;
			shellPath = /bin/sh;
			shellScript = "\"${PODS_ROOT}/Target Support Files/Pods-CollectionViewRxDataSource/Pods-CollectionViewRxDataSource-frameworks.sh\"\n";
			showEnvVarsInLog = 0;
		};
/* End PBXShellScriptBuildPhase section */

/* Begin PBXSourcesBuildPhase section */
		B34D5EB9261D987800D6F3B9 /* Sources */ = {
			isa = PBXSourcesBuildPhase;
			buildActionMask = 2147483647;
			files = (
				B3490092261EEA2600E75B07 /* TableViewSection.swift in Sources */,
				B31D9518261D9C1100AAB8F9 /* MainViewModel.swift in Sources */,
				B34DE7A3261DE77A00D8176E /* MarvelModelProtocol.swift in Sources */,
				B3490052261ED3CE00E75B07 /* ImageGridViewModel.swift in Sources */,
				B34D5EC5261D987800D6F3B9 /* ViewController.swift in Sources */,
				B37D77A226203D6A0005DD38 /* FooterGridView.swift in Sources */,
				B349009E261EEACE00E75B07 /* IdentifiableTypeProtocol.swift in Sources */,
				B34D5ED7261D990800D6F3B9 /* GridViewCell.swift in Sources */,
				B34DE7B4261E08FF00D8176E /* MarvelAPIProviderProtocol.swift in Sources */,
				B3490085261EE69C00E75B07 /* ComicsViewCell.swift in Sources */,
				B34DE79A261DD8D800D8176E /* MarvelCharacters.swift in Sources */,
				B34DE7A6261DE78C00D8176E /* MarvelCreators.swift in Sources */,
				B37D782C262084580005DD38 /* MarvelAPI.swift in Sources */,
				B34DE797261DD81100D8176E /* StringExtension.swift in Sources */,
				B349009A261EEA6400E75B07 /* TableViewItem.swift in Sources */,
				B3490081261EE0DB00E75B07 /* GridViewModelProtocol.swift in Sources */,
				B34D5EC1261D987800D6F3B9 /* AppDelegate.swift in Sources */,
				B35A46B326256B4C006E659A /* MarvelService.swift in Sources */,
				B3490077261EDFF000E75B07 /* ComicsGridViewModel.swift in Sources */,
				B35A46B826256E10006E659A /* MarvelAPIKey.swift in Sources */,
				B34900A9261F0EC700E75B07 /* CreatorViewCell.swift in Sources */,
				B31D9528261D9F8200AAB8F9 /* ImageViewCell.swift in Sources */,
				B34DE7A0261DDA1100D8176E /* MarvelComics.swift in Sources */,
				B34D5EC3261D987800D6F3B9 /* SceneDelegate.swift in Sources */,
				B349008C261EE9D000E75B07 /* MainDataSource.swift in Sources */,
			);
			runOnlyForDeploymentPostprocessing = 0;
		};
/* End PBXSourcesBuildPhase section */

/* Begin PBXVariantGroup section */
		B34D5EC6261D987800D6F3B9 /* Main.storyboard */ = {
			isa = PBXVariantGroup;
			children = (
				B34D5EC7261D987800D6F3B9 /* Base */,
			);
			name = Main.storyboard;
			sourceTree = "<group>";
		};
		B34D5ECB261D987A00D6F3B9 /* LaunchScreen.storyboard */ = {
			isa = PBXVariantGroup;
			children = (
				B34D5ECC261D987A00D6F3B9 /* Base */,
			);
			name = LaunchScreen.storyboard;
			sourceTree = "<group>";
		};
/* End PBXVariantGroup section */

/* Begin XCBuildConfiguration section */
		B34D5ECF261D987A00D6F3B9 /* Debug */ = {
			isa = XCBuildConfiguration;
			buildSettings = {
				ALWAYS_SEARCH_USER_PATHS = NO;
				CLANG_ANALYZER_NONNULL = YES;
				CLANG_ANALYZER_NUMBER_OBJECT_CONVERSION = YES_AGGRESSIVE;
				CLANG_CXX_LANGUAGE_STANDARD = "gnu++14";
				CLANG_CXX_LIBRARY = "libc++";
				CLANG_ENABLE_MODULES = YES;
				CLANG_ENABLE_OBJC_ARC = YES;
				CLANG_ENABLE_OBJC_WEAK = YES;
				CLANG_WARN_BLOCK_CAPTURE_AUTORELEASING = YES;
				CLANG_WARN_BOOL_CONVERSION = YES;
				CLANG_WARN_COMMA = YES;
				CLANG_WARN_CONSTANT_CONVERSION = YES;
				CLANG_WARN_DEPRECATED_OBJC_IMPLEMENTATIONS = YES;
				CLANG_WARN_DIRECT_OBJC_ISA_USAGE = YES_ERROR;
				CLANG_WARN_DOCUMENTATION_COMMENTS = YES;
				CLANG_WARN_EMPTY_BODY = YES;
				CLANG_WARN_ENUM_CONVERSION = YES;
				CLANG_WARN_INFINITE_RECURSION = YES;
				CLANG_WARN_INT_CONVERSION = YES;
				CLANG_WARN_NON_LITERAL_NULL_CONVERSION = YES;
				CLANG_WARN_OBJC_IMPLICIT_RETAIN_SELF = YES;
				CLANG_WARN_OBJC_LITERAL_CONVERSION = YES;
				CLANG_WARN_OBJC_ROOT_CLASS = YES_ERROR;
				CLANG_WARN_QUOTED_INCLUDE_IN_FRAMEWORK_HEADER = YES;
				CLANG_WARN_RANGE_LOOP_ANALYSIS = YES;
				CLANG_WARN_STRICT_PROTOTYPES = YES;
				CLANG_WARN_SUSPICIOUS_MOVE = YES;
				CLANG_WARN_UNGUARDED_AVAILABILITY = YES_AGGRESSIVE;
				CLANG_WARN_UNREACHABLE_CODE = YES;
				CLANG_WARN__DUPLICATE_METHOD_MATCH = YES;
				COPY_PHASE_STRIP = NO;
				DEBUG_INFORMATION_FORMAT = dwarf;
				ENABLE_STRICT_OBJC_MSGSEND = YES;
				ENABLE_TESTABILITY = YES;
				GCC_C_LANGUAGE_STANDARD = gnu11;
				GCC_DYNAMIC_NO_PIC = NO;
				GCC_NO_COMMON_BLOCKS = YES;
				GCC_OPTIMIZATION_LEVEL = 0;
				GCC_PREPROCESSOR_DEFINITIONS = (
					"DEBUG=1",
					"$(inherited)",
				);
				GCC_WARN_64_TO_32_BIT_CONVERSION = YES;
				GCC_WARN_ABOUT_RETURN_TYPE = YES_ERROR;
				GCC_WARN_UNDECLARED_SELECTOR = YES;
				GCC_WARN_UNINITIALIZED_AUTOS = YES_AGGRESSIVE;
				GCC_WARN_UNUSED_FUNCTION = YES;
				GCC_WARN_UNUSED_VARIABLE = YES;
				IPHONEOS_DEPLOYMENT_TARGET = 14.4;
				MTL_ENABLE_DEBUG_INFO = INCLUDE_SOURCE;
				MTL_FAST_MATH = YES;
				ONLY_ACTIVE_ARCH = YES;
				SDKROOT = iphoneos;
				SWIFT_ACTIVE_COMPILATION_CONDITIONS = DEBUG;
				SWIFT_OPTIMIZATION_LEVEL = "-Onone";
			};
			name = Debug;
		};
		B34D5ED0261D987A00D6F3B9 /* Release */ = {
			isa = XCBuildConfiguration;
			buildSettings = {
				ALWAYS_SEARCH_USER_PATHS = NO;
				CLANG_ANALYZER_NONNULL = YES;
				CLANG_ANALYZER_NUMBER_OBJECT_CONVERSION = YES_AGGRESSIVE;
				CLANG_CXX_LANGUAGE_STANDARD = "gnu++14";
				CLANG_CXX_LIBRARY = "libc++";
				CLANG_ENABLE_MODULES = YES;
				CLANG_ENABLE_OBJC_ARC = YES;
				CLANG_ENABLE_OBJC_WEAK = YES;
				CLANG_WARN_BLOCK_CAPTURE_AUTORELEASING = YES;
				CLANG_WARN_BOOL_CONVERSION = YES;
				CLANG_WARN_COMMA = YES;
				CLANG_WARN_CONSTANT_CONVERSION = YES;
				CLANG_WARN_DEPRECATED_OBJC_IMPLEMENTATIONS = YES;
				CLANG_WARN_DIRECT_OBJC_ISA_USAGE = YES_ERROR;
				CLANG_WARN_DOCUMENTATION_COMMENTS = YES;
				CLANG_WARN_EMPTY_BODY = YES;
				CLANG_WARN_ENUM_CONVERSION = YES;
				CLANG_WARN_INFINITE_RECURSION = YES;
				CLANG_WARN_INT_CONVERSION = YES;
				CLANG_WARN_NON_LITERAL_NULL_CONVERSION = YES;
				CLANG_WARN_OBJC_IMPLICIT_RETAIN_SELF = YES;
				CLANG_WARN_OBJC_LITERAL_CONVERSION = YES;
				CLANG_WARN_OBJC_ROOT_CLASS = YES_ERROR;
				CLANG_WARN_QUOTED_INCLUDE_IN_FRAMEWORK_HEADER = YES;
				CLANG_WARN_RANGE_LOOP_ANALYSIS = YES;
				CLANG_WARN_STRICT_PROTOTYPES = YES;
				CLANG_WARN_SUSPICIOUS_MOVE = YES;
				CLANG_WARN_UNGUARDED_AVAILABILITY = YES_AGGRESSIVE;
				CLANG_WARN_UNREACHABLE_CODE = YES;
				CLANG_WARN__DUPLICATE_METHOD_MATCH = YES;
				COPY_PHASE_STRIP = NO;
				DEBUG_INFORMATION_FORMAT = "dwarf-with-dsym";
				ENABLE_NS_ASSERTIONS = NO;
				ENABLE_STRICT_OBJC_MSGSEND = YES;
				GCC_C_LANGUAGE_STANDARD = gnu11;
				GCC_NO_COMMON_BLOCKS = YES;
				GCC_WARN_64_TO_32_BIT_CONVERSION = YES;
				GCC_WARN_ABOUT_RETURN_TYPE = YES_ERROR;
				GCC_WARN_UNDECLARED_SELECTOR = YES;
				GCC_WARN_UNINITIALIZED_AUTOS = YES_AGGRESSIVE;
				GCC_WARN_UNUSED_FUNCTION = YES;
				GCC_WARN_UNUSED_VARIABLE = YES;
				IPHONEOS_DEPLOYMENT_TARGET = 14.4;
				MTL_ENABLE_DEBUG_INFO = NO;
				MTL_FAST_MATH = YES;
				SDKROOT = iphoneos;
				SWIFT_COMPILATION_MODE = wholemodule;
				SWIFT_OPTIMIZATION_LEVEL = "-O";
				VALIDATE_PRODUCT = YES;
			};
			name = Release;
		};
		B34D5ED2261D987A00D6F3B9 /* Debug */ = {
			isa = XCBuildConfiguration;
			baseConfigurationReference = 053FC7A8D9179BBAA4ED0203 /* Pods-CollectionViewRxDataSource.debug.xcconfig */;
			buildSettings = {
				ASSETCATALOG_COMPILER_APPICON_NAME = AppIcon;
				ASSETCATALOG_COMPILER_GLOBAL_ACCENT_COLOR_NAME = AccentColor;
				CODE_SIGN_STYLE = Automatic;
				DEVELOPMENT_TEAM = 4KDQZUPCZR;
				INFOPLIST_FILE = CollectionViewRxDataSource/Info.plist;
				LD_RUNPATH_SEARCH_PATHS = (
					"$(inherited)",
					"@executable_path/Frameworks",
				);
				PRODUCT_BUNDLE_IDENTIFIER = umbrella.CollectionViewRxDataSource;
				PRODUCT_NAME = "$(TARGET_NAME)";
				SWIFT_VERSION = 5.0;
				TARGETED_DEVICE_FAMILY = "1,2";
			};
			name = Debug;
		};
		B34D5ED3261D987A00D6F3B9 /* Release */ = {
			isa = XCBuildConfiguration;
			baseConfigurationReference = 67A306D6FDF0713DC5E56F64 /* Pods-CollectionViewRxDataSource.release.xcconfig */;
			buildSettings = {
				ASSETCATALOG_COMPILER_APPICON_NAME = AppIcon;
				ASSETCATALOG_COMPILER_GLOBAL_ACCENT_COLOR_NAME = AccentColor;
				CODE_SIGN_STYLE = Automatic;
				DEVELOPMENT_TEAM = 4KDQZUPCZR;
				INFOPLIST_FILE = CollectionViewRxDataSource/Info.plist;
				LD_RUNPATH_SEARCH_PATHS = (
					"$(inherited)",
					"@executable_path/Frameworks",
				);
				PRODUCT_BUNDLE_IDENTIFIER = umbrella.CollectionViewRxDataSource;
				PRODUCT_NAME = "$(TARGET_NAME)";
				SWIFT_VERSION = 5.0;
				TARGETED_DEVICE_FAMILY = "1,2";
			};
			name = Release;
		};
/* End XCBuildConfiguration section */

/* Begin XCConfigurationList section */
		B34D5EB8261D987700D6F3B9 /* Build configuration list for PBXProject "CollectionViewRxDataSource" */ = {
			isa = XCConfigurationList;
			buildConfigurations = (
				B34D5ECF261D987A00D6F3B9 /* Debug */,
				B34D5ED0261D987A00D6F3B9 /* Release */,
			);
			defaultConfigurationIsVisible = 0;
			defaultConfigurationName = Release;
		};
		B34D5ED1261D987A00D6F3B9 /* Build configuration list for PBXNativeTarget "CollectionViewRxDataSource" */ = {
			isa = XCConfigurationList;
			buildConfigurations = (
				B34D5ED2261D987A00D6F3B9 /* Debug */,
				B34D5ED3261D987A00D6F3B9 /* Release */,
			);
			defaultConfigurationIsVisible = 0;
			defaultConfigurationName = Release;
		};
/* End XCConfigurationList section */
	};
	rootObject = B34D5EB5261D987700D6F3B9 /* Project object */;
}
